
Microsoft Visual Studio Solution File, Format Version 12.00
# Visual Studio Express 2012 for Windows Desktop
Project("{FAE04EC0-301F-11D3-BF4B-00C04F79EFBC}") = "Ex.7-366-EGN", "Ex.7-366\Ex.7-366-EGN.csproj", "{E74933A3-CD94-4257-921B-D8AE02DA3695}"
EndProject
Project("{FAE04EC0-301F-11D3-BF4B-00C04F79EFBC}") = "Ex.6-229g-AverageElementsDivisibleBy5", "Ex.6-229g\Ex.6-229g-AverageElementsDivisibleBy5.csproj", "{0C6B3BB8-CF09-49F9-AA0F-8587C67F261B}"
EndProject
Global
	GlobalSection(SolutionConfigurationPlatforms) = preSolution
		Debug|Any CPU = Debug|Any CPU
		Release|Any CPU = Release|Any CPU
	EndGlobalSection
	GlobalSection(ProjectConfigurationPlatforms) = postSolution
		{E74933A3-CD94-4257-921B-D8AE02DA3695}.Debug|Any CPU.ActiveCfg = Debug|Any CPU
		{E74933A3-CD94-4257-921B-D8AE02DA3695}.Debug|Any CPU.Build.0 = Debug|Any CPU
		{E74933A3-CD94-4257-921B-D8AE02DA3695}.Release|Any CPU.ActiveCfg = Release|Any CPU
		{E74933A3-CD94-4257-921B-D8AE02DA3695}.Release|Any CPU.Build.0 = Release|Any CPU
		{0C6B3BB8-CF09-49F9-AA0F-8587C67F261B}.Debug|Any CPU.ActiveCfg = Debug|Any CPU
		{0C6B3BB8-CF09-49F9-AA0F-8587C67F261B}.Debug|Any CPU.Build.0 = Debug|Any CPU
		{0C6B3BB8-CF09-49F9-AA0F-8587C67F261B}.Release|Any CPU.ActiveCfg = Release|Any CPU
		{0C6B3BB8-CF09-49F9-AA0F-8587C67F261B}.Release|Any CPU.Build.0 = Release|Any CPU
	EndGlobalSection
	GlobalSection(SolutionProperties) = preSolution
		HideSolutionNode = FALSE
	EndGlobalSection
EndGlobal
